// !$*UTF8*$!
{
	archiveVersion = 1;
	classes = {
	};
	objectVersion = 50;
	objects = {

/* Begin PBXBuildFile section */
		161934762202D75100D71F56 /* CategoryView.swift in Sources */ = {isa = PBXBuildFile; fileRef = 161934752202D75100D71F56 /* CategoryView.swift */; };
		161934782202D77200D71F56 /* CategoryCell.swift in Sources */ = {isa = PBXBuildFile; fileRef = 161934772202D77200D71F56 /* CategoryCell.swift */; };
		1619347C2202E49300D71F56 /* CategorisedView.swift in Sources */ = {isa = PBXBuildFile; fileRef = 1619347B2202E49300D71F56 /* CategorisedView.swift */; };
		1619347E2202E86200D71F56 /* CategorisedCell.swift in Sources */ = {isa = PBXBuildFile; fileRef = 1619347D2202E86200D71F56 /* CategorisedCell.swift */; };
		16584A182202A03A00CF627B /* RandomController.swift in Sources */ = {isa = PBXBuildFile; fileRef = 16584A172202A03A00CF627B /* RandomController.swift */; };
		16584A1A2202A1BC00CF627B /* RandomCell.swift in Sources */ = {isa = PBXBuildFile; fileRef = 16584A192202A1BC00CF627B /* RandomCell.swift */; };
		16584A222202C5AF00CF627B /* FavouriteCell.swift in Sources */ = {isa = PBXBuildFile; fileRef = 16584A212202C5AF00CF627B /* FavouriteCell.swift */; };
		16584A242202C5D900CF627B /* FavouriteController.swift in Sources */ = {isa = PBXBuildFile; fileRef = 16584A232202C5D900CF627B /* FavouriteController.swift */; };
		165BC3DE21E94B1400D317D1 /* AppDelegate.swift in Sources */ = {isa = PBXBuildFile; fileRef = 165BC3DD21E94B1400D317D1 /* AppDelegate.swift */; };
		165BC3E321E94B1400D317D1 /* Main.storyboard in Resources */ = {isa = PBXBuildFile; fileRef = 165BC3E121E94B1400D317D1 /* Main.storyboard */; };
		165BC3E621E94B1400D317D1 /* ChuckJug.xcdatamodeld in Sources */ = {isa = PBXBuildFile; fileRef = 165BC3E421E94B1400D317D1 /* ChuckJug.xcdatamodeld */; };
		165BC3E821E94B1500D317D1 /* Assets.xcassets in Resources */ = {isa = PBXBuildFile; fileRef = 165BC3E721E94B1500D317D1 /* Assets.xcassets */; };
		165BC3EB21E94B1500D317D1 /* LaunchScreen.storyboard in Resources */ = {isa = PBXBuildFile; fileRef = 165BC3E921E94B1500D317D1 /* LaunchScreen.storyboard */; };
		16CC8E38220826AB005D65D7 /* Categories+CoreDataClass.swift in Sources */ = {isa = PBXBuildFile; fileRef = 16CC8E34220826AB005D65D7 /* Categories+CoreDataClass.swift */; };
		16CC8E39220826AB005D65D7 /* Categories+CoreDataProperties.swift in Sources */ = {isa = PBXBuildFile; fileRef = 16CC8E35220826AB005D65D7 /* Categories+CoreDataProperties.swift */; };
		16CC8E3A220826AB005D65D7 /* JokeData+CoreDataClass.swift in Sources */ = {isa = PBXBuildFile; fileRef = 16CC8E36220826AB005D65D7 /* JokeData+CoreDataClass.swift */; };
		16CC8E3B220826AB005D65D7 /* JokeData+CoreDataProperties.swift in Sources */ = {isa = PBXBuildFile; fileRef = 16CC8E37220826AB005D65D7 /* JokeData+CoreDataProperties.swift */; };
/* End PBXBuildFile section */

/* Begin PBXFileReference section */
		161934752202D75100D71F56 /* CategoryView.swift */ = {isa = PBXFileReference; lastKnownFileType = sourcecode.swift; path = CategoryView.swift; sourceTree = "<group>"; };
		161934772202D77200D71F56 /* CategoryCell.swift */ = {isa = PBXFileReference; lastKnownFileType = sourcecode.swift; path = CategoryCell.swift; sourceTree = "<group>"; };
		1619347B2202E49300D71F56 /* CategorisedView.swift */ = {isa = PBXFileReference; lastKnownFileType = sourcecode.swift; path = CategorisedView.swift; sourceTree = "<group>"; };
		1619347D2202E86200D71F56 /* CategorisedCell.swift */ = {isa = PBXFileReference; lastKnownFileType = sourcecode.swift; path = CategorisedCell.swift; sourceTree = "<group>"; };
		16584A172202A03A00CF627B /* RandomController.swift */ = {isa = PBXFileReference; lastKnownFileType = sourcecode.swift; path = RandomController.swift; sourceTree = "<group>"; };
		16584A192202A1BC00CF627B /* RandomCell.swift */ = {isa = PBXFileReference; lastKnownFileType = sourcecode.swift; path = RandomCell.swift; sourceTree = "<group>"; };
		16584A212202C5AF00CF627B /* FavouriteCell.swift */ = {isa = PBXFileReference; lastKnownFileType = sourcecode.swift; path = FavouriteCell.swift; sourceTree = "<group>"; };
		16584A232202C5D900CF627B /* FavouriteController.swift */ = {isa = PBXFileReference; lastKnownFileType = sourcecode.swift; path = FavouriteController.swift; sourceTree = "<group>"; };
		165BC3DA21E94B1400D317D1 /* ChuckJug.app */ = {isa = PBXFileReference; explicitFileType = wrapper.application; includeInIndex = 0; path = ChuckJug.app; sourceTree = BUILT_PRODUCTS_DIR; };
		165BC3DD21E94B1400D317D1 /* AppDelegate.swift */ = {isa = PBXFileReference; lastKnownFileType = sourcecode.swift; path = AppDelegate.swift; sourceTree = "<group>"; };
		165BC3E221E94B1400D317D1 /* Base */ = {isa = PBXFileReference; lastKnownFileType = file.storyboard; name = Base; path = Base.lproj/Main.storyboard; sourceTree = "<group>"; };
		165BC3E521E94B1400D317D1 /* ChuckJug.xcdatamodel */ = {isa = PBXFileReference; lastKnownFileType = wrapper.xcdatamodel; path = ChuckJug.xcdatamodel; sourceTree = "<group>"; };
		165BC3E721E94B1500D317D1 /* Assets.xcassets */ = {isa = PBXFileReference; lastKnownFileType = folder.assetcatalog; path = Assets.xcassets; sourceTree = "<group>"; };
		165BC3EA21E94B1500D317D1 /* Base */ = {isa = PBXFileReference; lastKnownFileType = file.storyboard; name = Base; path = Base.lproj/LaunchScreen.storyboard; sourceTree = "<group>"; };
		165BC3EC21E94B1500D317D1 /* Info.plist */ = {isa = PBXFileReference; lastKnownFileType = text.plist.xml; path = Info.plist; sourceTree = "<group>"; };
		16CC8E34220826AB005D65D7 /* Categories+CoreDataClass.swift */ = {isa = PBXFileReference; lastKnownFileType = sourcecode.swift; path = "Categories+CoreDataClass.swift"; sourceTree = "<group>"; };
		16CC8E35220826AB005D65D7 /* Categories+CoreDataProperties.swift */ = {isa = PBXFileReference; lastKnownFileType = sourcecode.swift; path = "Categories+CoreDataProperties.swift"; sourceTree = "<group>"; };
		16CC8E36220826AB005D65D7 /* JokeData+CoreDataClass.swift */ = {isa = PBXFileReference; lastKnownFileType = sourcecode.swift; path = "JokeData+CoreDataClass.swift"; sourceTree = "<group>"; };
		16CC8E37220826AB005D65D7 /* JokeData+CoreDataProperties.swift */ = {isa = PBXFileReference; lastKnownFileType = sourcecode.swift; path = "JokeData+CoreDataProperties.swift"; sourceTree = "<group>"; };
/* End PBXFileReference section */

/* Begin PBXFrameworksBuildPhase section */
		165BC3D721E94B1400D317D1 /* Frameworks */ = {
			isa = PBXFrameworksBuildPhase;
			buildActionMask = 2147483647;
			files = (
			);
			runOnlyForDeploymentPostprocessing = 0;
		};
/* End PBXFrameworksBuildPhase section */

/* Begin PBXGroup section */
		1619347A2202D79600D71F56 /* CategoryView */ = {
			isa = PBXGroup;
			children = (
				161934752202D75100D71F56 /* CategoryView.swift */,
				161934772202D77200D71F56 /* CategoryCell.swift */,
			);
			path = CategoryView;
			sourceTree = "<group>";
		};
		1619347F2202E9C300D71F56 /* CategoriedView */ = {
			isa = PBXGroup;
			children = (
				1619347B2202E49300D71F56 /* CategorisedView.swift */,
				1619347D2202E86200D71F56 /* CategorisedCell.swift */,
			);
			path = CategoriedView;
			sourceTree = "<group>";
		};
		16584A1B2202A1C300CF627B /* RandomView */ = {
			isa = PBXGroup;
			children = (
				16584A172202A03A00CF627B /* RandomController.swift */,
				16584A192202A1BC00CF627B /* RandomCell.swift */,
			);
			path = RandomView;
			sourceTree = "<group>";
		};
		16584A202202C57000CF627B /* FavouriteView */ = {
			isa = PBXGroup;
			children = (
				16584A232202C5D900CF627B /* FavouriteController.swift */,
				16584A212202C5AF00CF627B /* FavouriteCell.swift */,
			);
			path = FavouriteView;
			sourceTree = "<group>";
		};
		165BC3D121E94B1400D317D1 = {
			isa = PBXGroup;
			children = (
				16CC8E34220826AB005D65D7 /* Categories+CoreDataClass.swift */,
				16CC8E35220826AB005D65D7 /* Categories+CoreDataProperties.swift */,
				16CC8E36220826AB005D65D7 /* JokeData+CoreDataClass.swift */,
				16CC8E37220826AB005D65D7 /* JokeData+CoreDataProperties.swift */,
				165BC3DC21E94B1400D317D1 /* ChuckJug */,
				165BC3DB21E94B1400D317D1 /* Products */,
			);
			sourceTree = "<group>";
		};
		165BC3DB21E94B1400D317D1 /* Products */ = {
			isa = PBXGroup;
			children = (
				165BC3DA21E94B1400D317D1 /* ChuckJug.app */,
			);
			name = Products;
			sourceTree = "<group>";
		};
		165BC3DC21E94B1400D317D1 /* ChuckJug */ = {
			isa = PBXGroup;
			children = (
				165BC3DD21E94B1400D317D1 /* AppDelegate.swift */,
				16584A1B2202A1C300CF627B /* RandomView */,
				1619347F2202E9C300D71F56 /* CategoriedView */,
				1619347A2202D79600D71F56 /* CategoryView */,
				16584A202202C57000CF627B /* FavouriteView */,
				165BC3E121E94B1400D317D1 /* Main.storyboard */,
				165BC3EC21E94B1500D317D1 /* Info.plist */,
				165BC3E421E94B1400D317D1 /* ChuckJug.xcdatamodeld */,
				165BC3E721E94B1500D317D1 /* Assets.xcassets */,
				165BC3E921E94B1500D317D1 /* LaunchScreen.storyboard */,
			);
			path = ChuckJug;
			sourceTree = "<group>";
		};
/* End PBXGroup section */

/* Begin PBXNativeTarget section */
		165BC3D921E94B1400D317D1 /* ChuckJug */ = {
			isa = PBXNativeTarget;
			buildConfigurationList = 165BC3EF21E94B1500D317D1 /* Build configuration list for PBXNativeTarget "ChuckJug" */;
			buildPhases = (
				165BC3D621E94B1400D317D1 /* Sources */,
				165BC3D721E94B1400D317D1 /* Frameworks */,
				165BC3D821E94B1400D317D1 /* Resources */,
			);
			buildRules = (
			);
			dependencies = (
			);
			name = ChuckJug;
			productName = ChuckJug;
			productReference = 165BC3DA21E94B1400D317D1 /* ChuckJug.app */;
			productType = "com.apple.product-type.application";
		};
/* End PBXNativeTarget section */

/* Begin PBXProject section */
		165BC3D221E94B1400D317D1 /* Project object */ = {
			isa = PBXProject;
			attributes = {
				LastSwiftUpdateCheck = 1010;
				LastUpgradeCheck = 1010;
				ORGANIZATIONNAME = "Ananta Shahane";
				TargetAttributes = {
					165BC3D921E94B1400D317D1 = {
						CreatedOnToolsVersion = 10.1;
					};
				};
			};
			buildConfigurationList = 165BC3D521E94B1400D317D1 /* Build configuration list for PBXProject "ChuckJug" */;
			compatibilityVersion = "Xcode 9.3";
			developmentRegion = en;
			hasScannedForEncodings = 0;
			knownRegions = (
				en,
				Base,
			);
			mainGroup = 165BC3D121E94B1400D317D1;
			productRefGroup = 165BC3DB21E94B1400D317D1 /* Products */;
			projectDirPath = "";
			projectRoot = "";
			targets = (
				165BC3D921E94B1400D317D1 /* ChuckJug */,
			);
		};
/* End PBXProject section */

/* Begin PBXResourcesBuildPhase section */
		165BC3D821E94B1400D317D1 /* Resources */ = {
			isa = PBXResourcesBuildPhase;
			buildActionMask = 2147483647;
			files = (
				165BC3EB21E94B1500D317D1 /* LaunchScreen.storyboard in Resources */,
				165BC3E821E94B1500D317D1 /* Assets.xcassets in Resources */,
				165BC3E321E94B1400D317D1 /* Main.storyboard in Resources */,
			);
			runOnlyForDeploymentPostprocessing = 0;
		};
/* End PBXResourcesBuildPhase section */

/* Begin PBXSourcesBuildPhase section */
		165BC3D621E94B1400D317D1 /* Sources */ = {
			isa = PBXSourcesBuildPhase;
			buildActionMask = 2147483647;
			files = (
				16584A1A2202A1BC00CF627B /* RandomCell.swift in Sources */,
				16584A222202C5AF00CF627B /* FavouriteCell.swift in Sources */,
				165BC3E621E94B1400D317D1 /* ChuckJug.xcdatamodeld in Sources */,
				16CC8E38220826AB005D65D7 /* Categories+CoreDataClass.swift in Sources */,
				165BC3DE21E94B1400D317D1 /* AppDelegate.swift in Sources */,
				16584A242202C5D900CF627B /* FavouriteController.swift in Sources */,
				1619347E2202E86200D71F56 /* CategorisedCell.swift in Sources */,
				16CC8E39220826AB005D65D7 /* Categories+CoreDataProperties.swift in Sources */,
				16584A182202A03A00CF627B /* RandomController.swift in Sources */,
				161934762202D75100D71F56 /* CategoryView.swift in Sources */,
				16CC8E3B220826AB005D65D7 /* JokeData+CoreDataProperties.swift in Sources */,
				1619347C2202E49300D71F56 /* CategorisedView.swift in Sources */,
				16CC8E3A220826AB005D65D7 /* JokeData+CoreDataClass.swift in Sources */,
				161934782202D77200D71F56 /* CategoryCell.swift in Sources */,
			);
			runOnlyForDeploymentPostprocessing = 0;
		};
/* End PBXSourcesBuildPhase section */

/* Begin PBXVariantGroup section */
		165BC3E121E94B1400D317D1 /* Main.storyboard */ = {
			isa = PBXVariantGroup;
			children = (
				165BC3E221E94B1400D317D1 /* Base */,
			);
			name = Main.storyboard;
			sourceTree = "<group>";
		};
		165BC3E921E94B1500D317D1 /* LaunchScreen.storyboard */ = {
			isa = PBXVariantGroup;
			children = (
				165BC3EA21E94B1500D317D1 /* Base */,
			);
			name = LaunchScreen.storyboard;
			sourceTree = "<group>";
		};
/* End PBXVariantGroup section */

/* Begin XCBuildConfiguration section */
		165BC3ED21E94B1500D317D1 /* Debug */ = {
			isa = XCBuildConfiguration;
			buildSettings = {
				ALWAYS_SEARCH_USER_PATHS = NO;
				CLANG_ANALYZER_NONNULL = YES;
				CLANG_ANALYZER_NUMBER_OBJECT_CONVERSION = YES_AGGRESSIVE;
				CLANG_CXX_LANGUAGE_STANDARD = "gnu++14";
				CLANG_CXX_LIBRARY = "libc++";
				CLANG_ENABLE_MODULES = YES;
				CLANG_ENABLE_OBJC_ARC = YES;
				CLANG_ENABLE_OBJC_WEAK = YES;
				CLANG_WARN_BLOCK_CAPTURE_AUTORELEASING = YES;
				CLANG_WARN_BOOL_CONVERSION = YES;
				CLANG_WARN_COMMA = YES;
				CLANG_WARN_CONSTANT_CONVERSION = YES;
				CLANG_WARN_DEPRECATED_OBJC_IMPLEMENTATIONS = YES;
				CLANG_WARN_DIRECT_OBJC_ISA_USAGE = YES_ERROR;
				CLANG_WARN_DOCUMENTATION_COMMENTS = YES;
				CLANG_WARN_EMPTY_BODY = YES;
				CLANG_WARN_ENUM_CONVERSION = YES;
				CLANG_WARN_INFINITE_RECURSION = YES;
				CLANG_WARN_INT_CONVERSION = YES;
				CLANG_WARN_NON_LITERAL_NULL_CONVERSION = YES;
				CLANG_WARN_OBJC_IMPLICIT_RETAIN_SELF = YES;
				CLANG_WARN_OBJC_LITERAL_CONVERSION = YES;
				CLANG_WARN_OBJC_ROOT_CLASS = YES_ERROR;
				CLANG_WARN_RANGE_LOOP_ANALYSIS = YES;
				CLANG_WARN_STRICT_PROTOTYPES = YES;
				CLANG_WARN_SUSPICIOUS_MOVE = YES;
				CLANG_WARN_UNGUARDED_AVAILABILITY = YES_AGGRESSIVE;
				CLANG_WARN_UNREACHABLE_CODE = YES;
				CLANG_WARN__DUPLICATE_METHOD_MATCH = YES;
				CODE_SIGN_IDENTITY = "iPhone Developer";
				COPY_PHASE_STRIP = NO;
				DEBUG_INFORMATION_FORMAT = dwarf;
				ENABLE_STRICT_OBJC_MSGSEND = YES;
				ENABLE_TESTABILITY = YES;
				GCC_C_LANGUAGE_STANDARD = gnu11;
				GCC_DYNAMIC_NO_PIC = NO;
				GCC_NO_COMMON_BLOCKS = YES;
				GCC_OPTIMIZATION_LEVEL = 0;
				GCC_PREPROCESSOR_DEFINITIONS = (
					"DEBUG=1",
					"$(inherited)",
				);
				GCC_WARN_64_TO_32_BIT_CONVERSION = YES;
				GCC_WARN_ABOUT_RETURN_TYPE = YES_ERROR;
				GCC_WARN_UNDECLARED_SELECTOR = YES;
				GCC_WARN_UNINITIALIZED_AUTOS = YES_AGGRESSIVE;
				GCC_WARN_UNUSED_FUNCTION = YES;
				GCC_WARN_UNUSED_VARIABLE = YES;
				IPHONEOS_DEPLOYMENT_TARGET = 12.1;
				MTL_ENABLE_DEBUG_INFO = INCLUDE_SOURCE;
				MTL_FAST_MATH = YES;
				ONLY_ACTIVE_ARCH = YES;
				SDKROOT = iphoneos;
				SWIFT_ACTIVE_COMPILATION_CONDITIONS = DEBUG;
				SWIFT_OPTIMIZATION_LEVEL = "-Onone";
			};
			name = Debug;
		};
		165BC3EE21E94B1500D317D1 /* Release */ = {
			isa = XCBuildConfiguration;
			buildSettings = {
				ALWAYS_SEARCH_USER_PATHS = NO;
				CLANG_ANALYZER_NONNULL = YES;
				CLANG_ANALYZER_NUMBER_OBJECT_CONVERSION = YES_AGGRESSIVE;
				CLANG_CXX_LANGUAGE_STANDARD = "gnu++14";
				CLANG_CXX_LIBRARY = "libc++";
				CLANG_ENABLE_MODULES = YES;
				CLANG_ENABLE_OBJC_ARC = YES;
				CLANG_ENABLE_OBJC_WEAK = YES;
				CLANG_WARN_BLOCK_CAPTURE_AUTORELEASING = YES;
				CLANG_WARN_BOOL_CONVERSION = YES;
				CLANG_WARN_COMMA = YES;
				CLANG_WARN_CONSTANT_CONVERSION = YES;
				CLANG_WARN_DEPRECATED_OBJC_IMPLEMENTATIONS = YES;
				CLANG_WARN_DIRECT_OBJC_ISA_USAGE = YES_ERROR;
				CLANG_WARN_DOCUMENTATION_COMMENTS = YES;
				CLANG_WARN_EMPTY_BODY = YES;
				CLANG_WARN_ENUM_CONVERSION = YES;
				CLANG_WARN_INFINITE_RECURSION = YES;
				CLANG_WARN_INT_CONVERSION = YES;
				CLANG_WARN_NON_LITERAL_NULL_CONVERSION = YES;
				CLANG_WARN_OBJC_IMPLICIT_RETAIN_SELF = YES;
				CLANG_WARN_OBJC_LITERAL_CONVERSION = YES;
				CLANG_WARN_OBJC_ROOT_CLASS = YES_ERROR;
				CLANG_WARN_RANGE_LOOP_ANALYSIS = YES;
				CLANG_WARN_STRICT_PROTOTYPES = YES;
				CLANG_WARN_SUSPICIOUS_MOVE = YES;
				CLANG_WARN_UNGUARDED_AVAILABILITY = YES_AGGRESSIVE;
				CLANG_WARN_UNREACHABLE_CODE = YES;
				CLANG_WARN__DUPLICATE_METHOD_MATCH = YES;
				CODE_SIGN_IDENTITY = "iPhone Developer";
				COPY_PHASE_STRIP = NO;
				DEBUG_INFORMATION_FORMAT = "dwarf-with-dsym";
				ENABLE_NS_ASSERTIONS = NO;
				ENABLE_STRICT_OBJC_MSGSEND = YES;
				GCC_C_LANGUAGE_STANDARD = gnu11;
				GCC_NO_COMMON_BLOCKS = YES;
				GCC_WARN_64_TO_32_BIT_CONVERSION = YES;
				GCC_WARN_ABOUT_RETURN_TYPE = YES_ERROR;
				GCC_WARN_UNDECLARED_SELECTOR = YES;
				GCC_WARN_UNINITIALIZED_AUTOS = YES_AGGRESSIVE;
				GCC_WARN_UNUSED_FUNCTION = YES;
				GCC_WARN_UNUSED_VARIABLE = YES;
				IPHONEOS_DEPLOYMENT_TARGET = 12.1;
				MTL_ENABLE_DEBUG_INFO = NO;
				MTL_FAST_MATH = YES;
				SDKROOT = iphoneos;
				SWIFT_COMPILATION_MODE = wholemodule;
				SWIFT_OPTIMIZATION_LEVEL = "-O";
				VALIDATE_PRODUCT = YES;
			};
			name = Release;
		};
		165BC3F021E94B1500D317D1 /* Debug */ = {
			isa = XCBuildConfiguration;
			buildSettings = {
				ASSETCATALOG_COMPILER_APPICON_NAME = AppIcon;
				CODE_SIGN_STYLE = Automatic;
				DEVELOPMENT_TEAM = Q7KHHPX4EM;
				INFOPLIST_FILE = ChuckJug/Info.plist;
				LD_RUNPATH_SEARCH_PATHS = (
					"$(inherited)",
					"@executable_path/Frameworks",
				);
				PRODUCT_BUNDLE_IDENTIFIER = com.Ananta.ChuckJug;
				PRODUCT_NAME = "$(TARGET_NAME)";
				SWIFT_VERSION = 4.2;
				TARGETED_DEVICE_FAMILY = "1,2";
			};
			name = Debug;
		};
		165BC3F121E94B1500D317D1 /* Release */ = {
			isa = XCBuildConfiguration;
			buildSettings = {
				ASSETCATALOG_COMPILER_APPICON_NAME = AppIcon;
				CODE_SIGN_STYLE = Automatic;
				DEVELOPMENT_TEAM = Q7KHHPX4EM;
				INFOPLIST_FILE = ChuckJug/Info.plist;
				LD_RUNPATH_SEARCH_PATHS = (
					"$(inherited)",
					"@executable_path/Frameworks",
				);
				PRODUCT_BUNDLE_IDENTIFIER = com.Ananta.ChuckJug;
				PRODUCT_NAME = "$(TARGET_NAME)";
				SWIFT_VERSION = 4.2;
				TARGETED_DEVICE_FAMILY = "1,2";
			};
			name = Release;
		};
/* End XCBuildConfiguration section */

/* Begin XCConfigurationList section */
		165BC3D521E94B1400D317D1 /* Build configuration list for PBXProject "ChuckJug" */ = {
			isa = XCConfigurationList;
			buildConfigurations = (
				165BC3ED21E94B1500D317D1 /* Debug */,
				165BC3EE21E94B1500D317D1 /* Release */,
			);
			defaultConfigurationIsVisible = 0;
			defaultConfigurationName = Release;
		};
		165BC3EF21E94B1500D317D1 /* Build configuration list for PBXNativeTarget "ChuckJug" */ = {
			isa = XCConfigurationList;
			buildConfigurations = (
				165BC3F021E94B1500D317D1 /* Debug */,
				165BC3F121E94B1500D317D1 /* Release */,
			);
			defaultConfigurationIsVisible = 0;
			defaultConfigurationName = Release;
		};
/* End XCConfigurationList section */

/* Begin XCVersionGroup section */
		165BC3E421E94B1400D317D1 /* ChuckJug.xcdatamodeld */ = {
			isa = XCVersionGroup;
			children = (
				165BC3E521E94B1400D317D1 /* ChuckJug.xcdatamodel */,
			);
			currentVersion = 165BC3E521E94B1400D317D1 /* ChuckJug.xcdatamodel */;
			path = ChuckJug.xcdatamodeld;
			sourceTree = "<group>";
			versionGroupType = wrapper.xcdatamodel;
		};
/* End XCVersionGroup section */
	};
	rootObject = 165BC3D221E94B1400D317D1 /* Project object */;
}
